// !$*UTF8*$!
{
	archiveVersion = 1;
	classes = {
	};
	objectVersion = 50;
	objects = {

/* Begin PBXBuildFile section */
		FE01EBB024159080008F11B4 /* AppDelegate.swift in Sources */ = {isa = PBXBuildFile; fileRef = FE01EBAF24159080008F11B4 /* AppDelegate.swift */; };
		FE01EBB224159080008F11B4 /* SceneDelegate.swift in Sources */ = {isa = PBXBuildFile; fileRef = FE01EBB124159080008F11B4 /* SceneDelegate.swift */; };
		FE01EBB424159080008F11B4 /* ViewController.swift in Sources */ = {isa = PBXBuildFile; fileRef = FE01EBB324159080008F11B4 /* ViewController.swift */; };
		FE01EBB724159080008F11B4 /* Main.storyboard in Resources */ = {isa = PBXBuildFile; fileRef = FE01EBB524159080008F11B4 /* Main.storyboard */; };
		FE01EBB924159081008F11B4 /* Assets.xcassets in Resources */ = {isa = PBXBuildFile; fileRef = FE01EBB824159081008F11B4 /* Assets.xcassets */; };
		FE01EBBC24159081008F11B4 /* LaunchScreen.storyboard in Resources */ = {isa = PBXBuildFile; fileRef = FE01EBBA24159081008F11B4 /* LaunchScreen.storyboard */; };
		FE01EBC724159081008F11B4 /* FriendFaceTests.swift in Sources */ = {isa = PBXBuildFile; fileRef = FE01EBC624159081008F11B4 /* FriendFaceTests.swift */; };
		FE01EBD2241592AB008F11B4 /* Friend.swift in Sources */ = {isa = PBXBuildFile; fileRef = FE01EBD1241592AB008F11B4 /* Friend.swift */; };
/* End PBXBuildFile section */

/* Begin PBXContainerItemProxy section */
		FE01EBC324159081008F11B4 /* PBXContainerItemProxy */ = {
			isa = PBXContainerItemProxy;
			containerPortal = FE01EBA424159080008F11B4 /* Project object */;
			proxyType = 1;
			remoteGlobalIDString = FE01EBAB24159080008F11B4;
			remoteInfo = FriendFace;
		};
/* End PBXContainerItemProxy section */

/* Begin PBXFileReference section */
		FE01EBAC24159080008F11B4 /* FriendFace.app */ = {isa = PBXFileReference; explicitFileType = wrapper.application; includeInIndex = 0; path = FriendFace.app; sourceTree = BUILT_PRODUCTS_DIR; };
		FE01EBAF24159080008F11B4 /* AppDelegate.swift */ = {isa = PBXFileReference; lastKnownFileType = sourcecode.swift; path = AppDelegate.swift; sourceTree = "<group>"; };
		FE01EBB124159080008F11B4 /* SceneDelegate.swift */ = {isa = PBXFileReference; lastKnownFileType = sourcecode.swift; path = SceneDelegate.swift; sourceTree = "<group>"; };
		FE01EBB324159080008F11B4 /* ViewController.swift */ = {isa = PBXFileReference; lastKnownFileType = sourcecode.swift; path = ViewController.swift; sourceTree = "<group>"; };
		FE01EBB624159080008F11B4 /* Base */ = {isa = PBXFileReference; lastKnownFileType = file.storyboard; name = Base; path = Base.lproj/Main.storyboard; sourceTree = "<group>"; };
		FE01EBB824159081008F11B4 /* Assets.xcassets */ = {isa = PBXFileReference; lastKnownFileType = folder.assetcatalog; path = Assets.xcassets; sourceTree = "<group>"; };
		FE01EBBB24159081008F11B4 /* Base */ = {isa = PBXFileReference; lastKnownFileType = file.storyboard; name = Base; path = Base.lproj/LaunchScreen.storyboard; sourceTree = "<group>"; };
		FE01EBBD24159081008F11B4 /* Info.plist */ = {isa = PBXFileReference; lastKnownFileType = text.plist.xml; path = Info.plist; sourceTree = "<group>"; };
		FE01EBC224159081008F11B4 /* FriendFaceTests.xctest */ = {isa = PBXFileReference; explicitFileType = wrapper.cfbundle; includeInIndex = 0; path = FriendFaceTests.xctest; sourceTree = BUILT_PRODUCTS_DIR; };
		FE01EBC624159081008F11B4 /* FriendFaceTests.swift */ = {isa = PBXFileReference; lastKnownFileType = sourcecode.swift; path = FriendFaceTests.swift; sourceTree = "<group>"; };
		FE01EBC824159081008F11B4 /* Info.plist */ = {isa = PBXFileReference; lastKnownFileType = text.plist.xml; path = Info.plist; sourceTree = "<group>"; };
		FE01EBD1241592AB008F11B4 /* Friend.swift */ = {isa = PBXFileReference; lastKnownFileType = sourcecode.swift; path = Friend.swift; sourceTree = "<group>"; };
/* End PBXFileReference section */

/* Begin PBXFrameworksBuildPhase section */
		FE01EBA924159080008F11B4 /* Frameworks */ = {
			isa = PBXFrameworksBuildPhase;
			buildActionMask = 2147483647;
			files = (
			);
			runOnlyForDeploymentPostprocessing = 0;
		};
		FE01EBBF24159081008F11B4 /* Frameworks */ = {
			isa = PBXFrameworksBuildPhase;
			buildActionMask = 2147483647;
			files = (
			);
			runOnlyForDeploymentPostprocessing = 0;
		};
/* End PBXFrameworksBuildPhase section */

/* Begin PBXGroup section */
		FE01EBA324159080008F11B4 = {
			isa = PBXGroup;
			children = (
				FE01EBAE24159080008F11B4 /* FriendFace */,
				FE01EBC524159081008F11B4 /* FriendFaceTests */,
				FE01EBAD24159080008F11B4 /* Products */,
			);
			sourceTree = "<group>";
		};
		FE01EBAD24159080008F11B4 /* Products */ = {
			isa = PBXGroup;
			children = (
				FE01EBAC24159080008F11B4 /* FriendFace.app */,
				FE01EBC224159081008F11B4 /* FriendFaceTests.xctest */,
			);
			name = Products;
			sourceTree = "<group>";
		};
		FE01EBAE24159080008F11B4 /* FriendFace */ = {
			isa = PBXGroup;
			children = (
				FE01EBAF24159080008F11B4 /* AppDelegate.swift */,
				FE01EBB124159080008F11B4 /* SceneDelegate.swift */,
				FE01EBB324159080008F11B4 /* ViewController.swift */,
				FE01EBB524159080008F11B4 /* Main.storyboard */,
				FE01EBD1241592AB008F11B4 /* Friend.swift */,
				FE01EBB824159081008F11B4 /* Assets.xcassets */,
				FE01EBBA24159081008F11B4 /* LaunchScreen.storyboard */,
				FE01EBBD24159081008F11B4 /* Info.plist */,
			);
			path = FriendFace;
			sourceTree = "<group>";
		};
		FE01EBC524159081008F11B4 /* FriendFaceTests */ = {
			isa = PBXGroup;
			children = (
				FE01EBC624159081008F11B4 /* FriendFaceTests.swift */,
				FE01EBC824159081008F11B4 /* Info.plist */,
			);
			path = FriendFaceTests;
			sourceTree = "<group>";
		};
/* End PBXGroup section */

/* Begin PBXNativeTarget section */
		FE01EBAB24159080008F11B4 /* FriendFace */ = {
			isa = PBXNativeTarget;
			buildConfigurationList = FE01EBCB24159081008F11B4 /* Build configuration list for PBXNativeTarget "FriendFace" */;
			buildPhases = (
				FE01EBA824159080008F11B4 /* Sources */,
				FE01EBA924159080008F11B4 /* Frameworks */,
				FE01EBAA24159080008F11B4 /* Resources */,
			);
			buildRules = (
			);
			dependencies = (
			);
			name = FriendFace;
			productName = FriendFace;
			productReference = FE01EBAC24159080008F11B4 /* FriendFace.app */;
			productType = "com.apple.product-type.application";
		};
		FE01EBC124159081008F11B4 /* FriendFaceTests */ = {
			isa = PBXNativeTarget;
			buildConfigurationList = FE01EBCE24159081008F11B4 /* Build configuration list for PBXNativeTarget "FriendFaceTests" */;
			buildPhases = (
				FE01EBBE24159081008F11B4 /* Sources */,
				FE01EBBF24159081008F11B4 /* Frameworks */,
				FE01EBC024159081008F11B4 /* Resources */,
			);
			buildRules = (
			);
			dependencies = (
				FE01EBC424159081008F11B4 /* PBXTargetDependency */,
			);
			name = FriendFaceTests;
			productName = FriendFaceTests;
			productReference = FE01EBC224159081008F11B4 /* FriendFaceTests.xctest */;
			productType = "com.apple.product-type.bundle.unit-test";
		};
/* End PBXNativeTarget section */

/* Begin PBXProject section */
		FE01EBA424159080008F11B4 /* Project object */ = {
			isa = PBXProject;
			attributes = {
				LastSwiftUpdateCheck = 1130;
				LastUpgradeCheck = 1130;
				ORGANIZATIONNAME = "Mark Kim";
				TargetAttributes = {
					FE01EBAB24159080008F11B4 = {
						CreatedOnToolsVersion = 11.3.1;
					};
					FE01EBC124159081008F11B4 = {
						CreatedOnToolsVersion = 11.3.1;
						TestTargetID = FE01EBAB24159080008F11B4;
					};
				};
			};
			buildConfigurationList = FE01EBA724159080008F11B4 /* Build configuration list for PBXProject "FriendFace" */;
			compatibilityVersion = "Xcode 9.3";
			developmentRegion = en;
			hasScannedForEncodings = 0;
			knownRegions = (
				en,
				Base,
			);
			mainGroup = FE01EBA324159080008F11B4;
			productRefGroup = FE01EBAD24159080008F11B4 /* Products */;
			projectDirPath = "";
			projectRoot = "";
			targets = (
				FE01EBAB24159080008F11B4 /* FriendFace */,
				FE01EBC124159081008F11B4 /* FriendFaceTests */,
			);
		};
/* End PBXProject section */

/* Begin PBXResourcesBuildPhase section */
		FE01EBAA24159080008F11B4 /* Resources */ = {
			isa = PBXResourcesBuildPhase;
			buildActionMask = 2147483647;
			files = (
				FE01EBBC24159081008F11B4 /* LaunchScreen.storyboard in Resources */,
				FE01EBB924159081008F11B4 /* Assets.xcassets in Resources */,
				FE01EBB724159080008F11B4 /* Main.storyboard in Resources */,
			);
			runOnlyForDeploymentPostprocessing = 0;
		};
		FE01EBC024159081008F11B4 /* Resources */ = {
			isa = PBXResourcesBuildPhase;
			buildActionMask = 2147483647;
			files = (
			);
			runOnlyForDeploymentPostprocessing = 0;
		};
/* End PBXResourcesBuildPhase section */

/* Begin PBXSourcesBuildPhase section */
		FE01EBA824159080008F11B4 /* Sources */ = {
			isa = PBXSourcesBuildPhase;
			buildActionMask = 2147483647;
			files = (
				FE01EBB424159080008F11B4 /* ViewController.swift in Sources */,
				FE01EBB024159080008F11B4 /* AppDelegate.swift in Sources */,
				FE01EBB224159080008F11B4 /* SceneDelegate.swift in Sources */,
				FE01EBD2241592AB008F11B4 /* Friend.swift in Sources */,
			);
			runOnlyForDeploymentPostprocessing = 0;
		};
		FE01EBBE24159081008F11B4 /* Sources */ = {
			isa = PBXSourcesBuildPhase;
			buildActionMask = 2147483647;
			files = (
				FE01EBC724159081008F11B4 /* FriendFaceTests.swift in Sources */,
			);
			runOnlyForDeploymentPostprocessing = 0;
		};
/* End PBXSourcesBuildPhase section */

/* Begin PBXTargetDependency section */
		FE01EBC424159081008F11B4 /* PBXTargetDependency */ = {
			isa = PBXTargetDependency;
			target = FE01EBAB24159080008F11B4 /* FriendFace */;
			targetProxy = FE01EBC324159081008F11B4 /* PBXContainerItemProxy */;
		};
/* End PBXTargetDependency section */

/* Begin PBXVariantGroup section */
		FE01EBB524159080008F11B4 /* Main.storyboard */ = {
			isa = PBXVariantGroup;
			children = (
				FE01EBB624159080008F11B4 /* Base */,
			);
			name = Main.storyboard;
			sourceTree = "<group>";
		};
		FE01EBBA24159081008F11B4 /* LaunchScreen.storyboard */ = {
			isa = PBXVariantGroup;
			children = (
				FE01EBBB24159081008F11B4 /* Base */,
			);
			name = LaunchScreen.storyboard;
			sourceTree = "<group>";
		};
/* End PBXVariantGroup section */

/* Begin XCBuildConfiguration section */
		FE01EBC924159081008F11B4 /* Debug */ = {
			isa = XCBuildConfiguration;
			buildSettings = {
				ALWAYS_SEARCH_USER_PATHS = NO;
				CLANG_ANALYZER_NONNULL = YES;
				CLANG_ANALYZER_NUMBER_OBJECT_CONVERSION = YES_AGGRESSIVE;
				CLANG_CXX_LANGUAGE_STANDARD = "gnu++14";
				CLANG_CXX_LIBRARY = "libc++";
				CLANG_ENABLE_MODULES = YES;
				CLANG_ENABLE_OBJC_ARC = YES;
				CLANG_ENABLE_OBJC_WEAK = YES;
				CLANG_WARN_BLOCK_CAPTURE_AUTORELEASING = YES;
				CLANG_WARN_BOOL_CONVERSION = YES;
				CLANG_WARN_COMMA = YES;
				CLANG_WARN_CONSTANT_CONVERSION = YES;
				CLANG_WARN_DEPRECATED_OBJC_IMPLEMENTATIONS = YES;
				CLANG_WARN_DIRECT_OBJC_ISA_USAGE = YES_ERROR;
				CLANG_WARN_DOCUMENTATION_COMMENTS = YES;
				CLANG_WARN_EMPTY_BODY = YES;
				CLANG_WARN_ENUM_CONVERSION = YES;
				CLANG_WARN_INFINITE_RECURSION = YES;
				CLANG_WARN_INT_CONVERSION = YES;
				CLANG_WARN_NON_LITERAL_NULL_CONVERSION = YES;
				CLANG_WARN_OBJC_IMPLICIT_RETAIN_SELF = YES;
				CLANG_WARN_OBJC_LITERAL_CONVERSION = YES;
				CLANG_WARN_OBJC_ROOT_CLASS = YES_ERROR;
				CLANG_WARN_RANGE_LOOP_ANALYSIS = YES;
				CLANG_WARN_STRICT_PROTOTYPES = YES;
				CLANG_WARN_SUSPICIOUS_MOVE = YES;
				CLANG_WARN_UNGUARDED_AVAILABILITY = YES_AGGRESSIVE;
				CLANG_WARN_UNREACHABLE_CODE = YES;
				CLANG_WARN__DUPLICATE_METHOD_MATCH = YES;
				COPY_PHASE_STRIP = NO;
				DEBUG_INFORMATION_FORMAT = dwarf;
				ENABLE_STRICT_OBJC_MSGSEND = YES;
				ENABLE_TESTABILITY = YES;
				GCC_C_LANGUAGE_STANDARD = gnu11;
				GCC_DYNAMIC_NO_PIC = NO;
				GCC_NO_COMMON_BLOCKS = YES;
				GCC_OPTIMIZATION_LEVEL = 0;
				GCC_PREPROCESSOR_DEFINITIONS = (
					"DEBUG=1",
					"$(inherited)",
				);
				GCC_WARN_64_TO_32_BIT_CONVERSION = YES;
				GCC_WARN_ABOUT_RETURN_TYPE = YES_ERROR;
				GCC_WARN_UNDECLARED_SELECTOR = YES;
				GCC_WARN_UNINITIALIZED_AUTOS = YES_AGGRESSIVE;
				GCC_WARN_UNUSED_FUNCTION = YES;
				GCC_WARN_UNUSED_VARIABLE = YES;
				IPHONEOS_DEPLOYMENT_TARGET = 13.2;
				MTL_ENABLE_DEBUG_INFO = INCLUDE_SOURCE;
				MTL_FAST_MATH = YES;
				ONLY_ACTIVE_ARCH = YES;
				SDKROOT = iphoneos;
				SWIFT_ACTIVE_COMPILATION_CONDITIONS = DEBUG;
				SWIFT_OPTIMIZATION_LEVEL = "-Onone";
			};
			name = Debug;
		};
		FE01EBCA24159081008F11B4 /* Release */ = {
			isa = XCBuildConfiguration;
			buildSettings = {
				ALWAYS_SEARCH_USER_PATHS = NO;
				CLANG_ANALYZER_NONNULL = YES;
				CLANG_ANALYZER_NUMBER_OBJECT_CONVERSION = YES_AGGRESSIVE;
				CLANG_CXX_LANGUAGE_STANDARD = "gnu++14";
				CLANG_CXX_LIBRARY = "libc++";
				CLANG_ENABLE_MODULES = YES;
				CLANG_ENABLE_OBJC_ARC = YES;
				CLANG_ENABLE_OBJC_WEAK = YES;
				CLANG_WARN_BLOCK_CAPTURE_AUTORELEASING = YES;
				CLANG_WARN_BOOL_CONVERSION = YES;
				CLANG_WARN_COMMA = YES;
				CLANG_WARN_CONSTANT_CONVERSION = YES;
				CLANG_WARN_DEPRECATED_OBJC_IMPLEMENTATIONS = YES;
				CLANG_WARN_DIRECT_OBJC_ISA_USAGE = YES_ERROR;
				CLANG_WARN_DOCUMENTATION_COMMENTS = YES;
				CLANG_WARN_EMPTY_BODY = YES;
				CLANG_WARN_ENUM_CONVERSION = YES;
				CLANG_WARN_INFINITE_RECURSION = YES;
				CLANG_WARN_INT_CONVERSION = YES;
				CLANG_WARN_NON_LITERAL_NULL_CONVERSION = YES;
				CLANG_WARN_OBJC_IMPLICIT_RETAIN_SELF = YES;
				CLANG_WARN_OBJC_LITERAL_CONVERSION = YES;
				CLANG_WARN_OBJC_ROOT_CLASS = YES_ERROR;
				CLANG_WARN_RANGE_LOOP_ANALYSIS = YES;
				CLANG_WARN_STRICT_PROTOTYPES = YES;
				CLANG_WARN_SUSPICIOUS_MOVE = YES;
				CLANG_WARN_UNGUARDED_AVAILABILITY = YES_AGGRESSIVE;
				CLANG_WARN_UNREACHABLE_CODE = YES;
				CLANG_WARN__DUPLICATE_METHOD_MATCH = YES;
				COPY_PHASE_STRIP = NO;
				DEBUG_INFORMATION_FORMAT = "dwarf-with-dsym";
				ENABLE_NS_ASSERTIONS = NO;
				ENABLE_STRICT_OBJC_MSGSEND = YES;
				GCC_C_LANGUAGE_STANDARD = gnu11;
				GCC_NO_COMMON_BLOCKS = YES;
				GCC_WARN_64_TO_32_BIT_CONVERSION = YES;
				GCC_WARN_ABOUT_RETURN_TYPE = YES_ERROR;
				GCC_WARN_UNDECLARED_SELECTOR = YES;
				GCC_WARN_UNINITIALIZED_AUTOS = YES_AGGRESSIVE;
				GCC_WARN_UNUSED_FUNCTION = YES;
				GCC_WARN_UNUSED_VARIABLE = YES;
				IPHONEOS_DEPLOYMENT_TARGET = 13.2;
				MTL_ENABLE_DEBUG_INFO = NO;
				MTL_FAST_MATH = YES;
				SDKROOT = iphoneos;
				SWIFT_COMPILATION_MODE = wholemodule;
				SWIFT_OPTIMIZATION_LEVEL = "-O";
				VALIDATE_PRODUCT = YES;
			};
			name = Release;
		};
		FE01EBCC24159081008F11B4 /* Debug */ = {
			isa = XCBuildConfiguration;
			buildSettings = {
				ASSETCATALOG_COMPILER_APPICON_NAME = AppIcon;
				CODE_SIGN_STYLE = Automatic;
				INFOPLIST_FILE = FriendFace/Info.plist;
				LD_RUNPATH_SEARCH_PATHS = (
					"$(inherited)",
					"@executable_path/Frameworks",
				);
				PRODUCT_BUNDLE_IDENTIFIER = com.markkim.FriendFace;
				PRODUCT_NAME = "$(TARGET_NAME)";
				SWIFT_VERSION = 5.0;
				TARGETED_DEVICE_FAMILY = "1,2";
			};
			name = Debug;
		};
		FE01EBCD24159081008F11B4 /* Release */ = {
			isa = XCBuildConfiguration;
			buildSettings = {
				ASSETCATALOG_COMPILER_APPICON_NAME = AppIcon;
				CODE_SIGN_STYLE = Automatic;
				INFOPLIST_FILE = FriendFace/Info.plist;
				LD_RUNPATH_SEARCH_PATHS = (
					"$(inherited)",
					"@executable_path/Frameworks",
				);
				PRODUCT_BUNDLE_IDENTIFIER = com.markkim.FriendFace;
				PRODUCT_NAME = "$(TARGET_NAME)";
				SWIFT_VERSION = 5.0;
				TARGETED_DEVICE_FAMILY = "1,2";
			};
			name = Release;
		};
		FE01EBCF24159081008F11B4 /* Debug */ = {
			isa = XCBuildConfiguration;
			buildSettings = {
				ALWAYS_EMBED_SWIFT_STANDARD_LIBRARIES = YES;
				BUNDLE_LOADER = "$(TEST_HOST)";
				CODE_SIGN_STYLE = Automatic;
				INFOPLIST_FILE = FriendFaceTests/Info.plist;
				IPHONEOS_DEPLOYMENT_TARGET = 13.2;
				LD_RUNPATH_SEARCH_PATHS = (
					"$(inherited)",
					"@executable_path/Frameworks",
					"@loader_path/Frameworks",
				);
				PRODUCT_BUNDLE_IDENTIFIER = com.markkim.FriendFaceTests;
				PRODUCT_NAME = "$(TARGET_NAME)";
				SWIFT_VERSION = 5.0;
				TARGETED_DEVICE_FAMILY = "1,2";
				TEST_HOST = "$(BUILT_PRODUCTS_DIR)/FriendFace.app/FriendFace";
			};
			name = Debug;
		};
		FE01EBD024159081008F11B4 /* Release */ = {
			isa = XCBuildConfiguration;
			buildSettings = {
				ALWAYS_EMBED_SWIFT_STANDARD_LIBRARIES = YES;
				BUNDLE_LOADER = "$(TEST_HOST)";
				CODE_SIGN_STYLE = Automatic;
				INFOPLIST_FILE = FriendFaceTests/Info.plist;
				IPHONEOS_DEPLOYMENT_TARGET = 13.2;
				LD_RUNPATH_SEARCH_PATHS = (
					"$(inherited)",
					"@executable_path/Frameworks",
					"@loader_path/Frameworks",
				);
				PRODUCT_BUNDLE_IDENTIFIER = com.markkim.FriendFaceTests;
				PRODUCT_NAME = "$(TARGET_NAME)";
				SWIFT_VERSION = 5.0;
				TARGETED_DEVICE_FAMILY = "1,2";
				TEST_HOST = "$(BUILT_PRODUCTS_DIR)/FriendFace.app/FriendFace";
			};
			name = Release;
		};
/* End XCBuildConfiguration section */

/* Begin XCConfigurationList section */
		FE01EBA724159080008F11B4 /* Build configuration list for PBXProject "FriendFace" */ = {
			isa = XCConfigurationList;
			buildConfigurations = (
				FE01EBC924159081008F11B4 /* Debug */,
				FE01EBCA24159081008F11B4 /* Release */,
			);
			defaultConfigurationIsVisible = 0;
			defaultConfigurationName = Release;
		};
		FE01EBCB24159081008F11B4 /* Build configuration list for PBXNativeTarget "FriendFace" */ = {
			isa = XCConfigurationList;
			buildConfigurations = (
				FE01EBCC24159081008F11B4 /* Debug */,
				FE01EBCD24159081008F11B4 /* Release */,
			);
			defaultConfigurationIsVisible = 0;
			defaultConfigurationName = Release;
		};
		FE01EBCE24159081008F11B4 /* Build configuration list for PBXNativeTarget "FriendFaceTests" */ = {
			isa = XCConfigurationList;
			buildConfigurations = (
				FE01EBCF24159081008F11B4 /* Debug */,
				FE01EBD024159081008F11B4 /* Release */,
			);
			defaultConfigurationIsVisible = 0;
			defaultConfigurationName = Release;
		};
/* End XCConfigurationList section */
	};
	rootObject = FE01EBA424159080008F11B4 /* Project object */;
}
